
Microsoft Visual Studio Solution File, Format Version 12.00
# Visual Studio Version 16
VisualStudioVersion = 16.0.31229.75
MinimumVisualStudioVersion = 10.0.40219.1
Project("{2150E333-8FDC-42A3-9474-1A3956D46DE8}") = "Services", "Services", "{BA869B54-5EE4-4CE9-BC8C-47FDDD04FB6F}"
EndProject
Project("{2150E333-8FDC-42A3-9474-1A3956D46DE8}") = "Catalog", "Catalog", "{C137F798-0ED0-4B5D-AE5B-B2E9B4F060E1}"
EndProject
Project("{FAE04EC0-301F-11D3-BF4B-00C04F79EFBC}") = "Catalog.Api", "Services\Catalog\Catalog.Api\Catalog.Api.csproj", "{E16819A2-21C6-46E8-A926-8C31F3E964A6}"
EndProject
Global
	GlobalSection(SolutionConfigurationPlatforms) = preSolution
		Debug|Any CPU = Debug|Any CPU
		Release|Any CPU = Release|Any CPU
	EndGlobalSection
	GlobalSection(ProjectConfigurationPlatforms) = postSolution
		{E16819A2-21C6-46E8-A926-8C31F3E964A6}.Debug|Any CPU.ActiveCfg = Debug|Any CPU
		{E16819A2-21C6-46E8-A926-8C31F3E964A6}.Debug|Any CPU.Build.0 = Debug|Any CPU
		{E16819A2-21C6-46E8-A926-8C31F3E964A6}.Release|Any CPU.ActiveCfg = Release|Any CPU
		{E16819A2-21C6-46E8-A926-8C31F3E964A6}.Release|Any CPU.Build.0 = Release|Any CPU
	EndGlobalSection
	GlobalSection(SolutionProperties) = preSolution
		HideSolutionNode = FALSE
	EndGlobalSection
	GlobalSection(NestedProjects) = preSolution
		{C137F798-0ED0-4B5D-AE5B-B2E9B4F060E1} = {BA869B54-5EE4-4CE9-BC8C-47FDDD04FB6F}
		{E16819A2-21C6-46E8-A926-8C31F3E964A6} = {C137F798-0ED0-4B5D-AE5B-B2E9B4F060E1}
	EndGlobalSection
	GlobalSection(ExtensibilityGlobals) = postSolution
		SolutionGuid = {CA152BE6-109C-4568-94DE-8169B9C2F055}
	EndGlobalSection
EndGlobal
